// !$*UTF8*$!
{
	archiveVersion = 1;
	classes = {
	};
	objectVersion = 46;
	objects = {

/* Begin PBXBuildFile section */
		BB37E05C1A9CF0B20059CFEC /* MapKit.framework in Frameworks */ = {isa = PBXBuildFile; fileRef = BB37E05B1A9CF0B20059CFEC /* MapKit.framework */; };
		BB37E05F1A9D15F30059CFEC /* RadiusSelectorViewController.m in Sources */ = {isa = PBXBuildFile; fileRef = BB37E05E1A9D15F30059CFEC /* RadiusSelectorViewController.m */; };
		BB37E0711A9F8E780059CFEC /* UserViewController.m in Sources */ = {isa = PBXBuildFile; fileRef = BB37E0701A9F8E780059CFEC /* UserViewController.m */; };
		BBEA65451A98864D00BA7097 /* main.m in Sources */ = {isa = PBXBuildFile; fileRef = BBEA65441A98864D00BA7097 /* main.m */; };
		BBEA65481A98864D00BA7097 /* AppDelegate.m in Sources */ = {isa = PBXBuildFile; fileRef = BBEA65471A98864D00BA7097 /* AppDelegate.m */; };
		BBEA654B1A98864D00BA7097 /* TweetViewController.m in Sources */ = {isa = PBXBuildFile; fileRef = BBEA654A1A98864D00BA7097 /* TweetViewController.m */; };
		BBEA654E1A98864D00BA7097 /* Main.storyboard in Resources */ = {isa = PBXBuildFile; fileRef = BBEA654C1A98864D00BA7097 /* Main.storyboard */; };
		BBEA65501A98864D00BA7097 /* Images.xcassets in Resources */ = {isa = PBXBuildFile; fileRef = BBEA654F1A98864D00BA7097 /* Images.xcassets */; };
		BBEA65531A98864D00BA7097 /* LaunchScreen.xib in Resources */ = {isa = PBXBuildFile; fileRef = BBEA65511A98864D00BA7097 /* LaunchScreen.xib */; };
		BBEA655F1A98864D00BA7097 /* TwitLocateTests.m in Sources */ = {isa = PBXBuildFile; fileRef = BBEA655E1A98864D00BA7097 /* TwitLocateTests.m */; };
/* End PBXBuildFile section */

/* Begin PBXContainerItemProxy section */
		BBEA65591A98864D00BA7097 /* PBXContainerItemProxy */ = {
			isa = PBXContainerItemProxy;
			containerPortal = BBEA65371A98864D00BA7097 /* Project object */;
			proxyType = 1;
			remoteGlobalIDString = BBEA653E1A98864D00BA7097;
			remoteInfo = TwitLocate;
		};
/* End PBXContainerItemProxy section */

/* Begin PBXFileReference section */
		BB37E05B1A9CF0B20059CFEC /* MapKit.framework */ = {isa = PBXFileReference; lastKnownFileType = wrapper.framework; name = MapKit.framework; path = System/Library/Frameworks/MapKit.framework; sourceTree = SDKROOT; };
		BB37E05D1A9D15F30059CFEC /* RadiusSelectorViewController.h */ = {isa = PBXFileReference; fileEncoding = 4; lastKnownFileType = sourcecode.c.h; path = RadiusSelectorViewController.h; sourceTree = "<group>"; };
		BB37E05E1A9D15F30059CFEC /* RadiusSelectorViewController.m */ = {isa = PBXFileReference; fileEncoding = 4; lastKnownFileType = sourcecode.c.objc; path = RadiusSelectorViewController.m; sourceTree = "<group>"; };
		BB37E06F1A9F8E780059CFEC /* UserViewController.h */ = {isa = PBXFileReference; fileEncoding = 4; lastKnownFileType = sourcecode.c.h; path = UserViewController.h; sourceTree = "<group>"; };
		BB37E0701A9F8E780059CFEC /* UserViewController.m */ = {isa = PBXFileReference; fileEncoding = 4; lastKnownFileType = sourcecode.c.objc; path = UserViewController.m; sourceTree = "<group>"; };
		BBEA653F1A98864D00BA7097 /* TwitLocate.app */ = {isa = PBXFileReference; explicitFileType = wrapper.application; includeInIndex = 0; path = TwitLocate.app; sourceTree = BUILT_PRODUCTS_DIR; };
		BBEA65431A98864D00BA7097 /* Info.plist */ = {isa = PBXFileReference; lastKnownFileType = text.plist.xml; path = Info.plist; sourceTree = "<group>"; };
		BBEA65441A98864D00BA7097 /* main.m */ = {isa = PBXFileReference; lastKnownFileType = sourcecode.c.objc; path = main.m; sourceTree = "<group>"; };
		BBEA65461A98864D00BA7097 /* AppDelegate.h */ = {isa = PBXFileReference; lastKnownFileType = sourcecode.c.h; path = AppDelegate.h; sourceTree = "<group>"; };
		BBEA65471A98864D00BA7097 /* AppDelegate.m */ = {isa = PBXFileReference; lastKnownFileType = sourcecode.c.objc; path = AppDelegate.m; sourceTree = "<group>"; };
		BBEA65491A98864D00BA7097 /* TweetViewController.h */ = {isa = PBXFileReference; lastKnownFileType = sourcecode.c.h; path = TweetViewController.h; sourceTree = "<group>"; };
		BBEA654A1A98864D00BA7097 /* TweetViewController.m */ = {isa = PBXFileReference; lastKnownFileType = sourcecode.c.objc; path = TweetViewController.m; sourceTree = "<group>"; };
		BBEA654D1A98864D00BA7097 /* Base */ = {isa = PBXFileReference; lastKnownFileType = file.storyboard; name = Base; path = Base.lproj/Main.storyboard; sourceTree = "<group>"; };
		BBEA654F1A98864D00BA7097 /* Images.xcassets */ = {isa = PBXFileReference; lastKnownFileType = folder.assetcatalog; path = Images.xcassets; sourceTree = "<group>"; };
		BBEA65521A98864D00BA7097 /* Base */ = {isa = PBXFileReference; lastKnownFileType = file.xib; name = Base; path = Base.lproj/LaunchScreen.xib; sourceTree = "<group>"; };
		BBEA65581A98864D00BA7097 /* TwitLocateTests.xctest */ = {isa = PBXFileReference; explicitFileType = wrapper.cfbundle; includeInIndex = 0; path = TwitLocateTests.xctest; sourceTree = BUILT_PRODUCTS_DIR; };
		BBEA655D1A98864D00BA7097 /* Info.plist */ = {isa = PBXFileReference; lastKnownFileType = text.plist.xml; path = Info.plist; sourceTree = "<group>"; };
		BBEA655E1A98864D00BA7097 /* TwitLocateTests.m */ = {isa = PBXFileReference; lastKnownFileType = sourcecode.c.objc; path = TwitLocateTests.m; sourceTree = "<group>"; };
/* End PBXFileReference section */

/* Begin PBXFrameworksBuildPhase section */
		BBEA653C1A98864D00BA7097 /* Frameworks */ = {
			isa = PBXFrameworksBuildPhase;
			buildActionMask = 2147483647;
			files = (
				BB37E05C1A9CF0B20059CFEC /* MapKit.framework in Frameworks */,
			);
			runOnlyForDeploymentPostprocessing = 0;
		};
		BBEA65551A98864D00BA7097 /* Frameworks */ = {
			isa = PBXFrameworksBuildPhase;
			buildActionMask = 2147483647;
			files = (
			);
			runOnlyForDeploymentPostprocessing = 0;
		};
/* End PBXFrameworksBuildPhase section */

/* Begin PBXGroup section */
		BBEA65361A98864D00BA7097 = {
			isa = PBXGroup;
			children = (
				BB37E05B1A9CF0B20059CFEC /* MapKit.framework */,
				BBEA65411A98864D00BA7097 /* TwitLocate */,
				BBEA655B1A98864D00BA7097 /* TwitLocateTests */,
				BBEA65401A98864D00BA7097 /* Products */,
			);
			sourceTree = "<group>";
		};
		BBEA65401A98864D00BA7097 /* Products */ = {
			isa = PBXGroup;
			children = (
				BBEA653F1A98864D00BA7097 /* TwitLocate.app */,
				BBEA65581A98864D00BA7097 /* TwitLocateTests.xctest */,
			);
			name = Products;
			sourceTree = "<group>";
		};
		BBEA65411A98864D00BA7097 /* TwitLocate */ = {
			isa = PBXGroup;
			children = (
				BBEA65461A98864D00BA7097 /* AppDelegate.h */,
				BBEA65471A98864D00BA7097 /* AppDelegate.m */,
				BB37E05D1A9D15F30059CFEC /* RadiusSelectorViewController.h */,
				BB37E05E1A9D15F30059CFEC /* RadiusSelectorViewController.m */,
				BBEA65491A98864D00BA7097 /* TweetViewController.h */,
				BBEA654A1A98864D00BA7097 /* TweetViewController.m */,
				BB37E06F1A9F8E780059CFEC /* UserViewController.h */,
				BB37E0701A9F8E780059CFEC /* UserViewController.m */,
				BBEA654C1A98864D00BA7097 /* Main.storyboard */,
				BBEA654F1A98864D00BA7097 /* Images.xcassets */,
				BBEA65511A98864D00BA7097 /* LaunchScreen.xib */,
				BBEA65421A98864D00BA7097 /* Supporting Files */,
			);
			path = TwitLocate;
			sourceTree = "<group>";
		};
		BBEA65421A98864D00BA7097 /* Supporting Files */ = {
			isa = PBXGroup;
			children = (
				BBEA65431A98864D00BA7097 /* Info.plist */,
				BBEA65441A98864D00BA7097 /* main.m */,
			);
			name = "Supporting Files";
			sourceTree = "<group>";
		};
		BBEA655B1A98864D00BA7097 /* TwitLocateTests */ = {
			isa = PBXGroup;
			children = (
				BBEA655E1A98864D00BA7097 /* TwitLocateTests.m */,
				BBEA655C1A98864D00BA7097 /* Supporting Files */,
			);
			path = TwitLocateTests;
			sourceTree = "<group>";
		};
		BBEA655C1A98864D00BA7097 /* Supporting Files */ = {
			isa = PBXGroup;
			children = (
				BBEA655D1A98864D00BA7097 /* Info.plist */,
			);
			name = "Supporting Files";
			sourceTree = "<group>";
		};
/* End PBXGroup section */

/* Begin PBXNativeTarget section */
		BBEA653E1A98864D00BA7097 /* TwitLocate */ = {
			isa = PBXNativeTarget;
			buildConfigurationList = BBEA65621A98864D00BA7097 /* Build configuration list for PBXNativeTarget "TwitLocate" */;
			buildPhases = (
				BBEA653B1A98864D00BA7097 /* Sources */,
				BBEA653C1A98864D00BA7097 /* Frameworks */,
				BBEA653D1A98864D00BA7097 /* Resources */,
			);
			buildRules = (
			);
			dependencies = (
			);
			name = TwitLocate;
			productName = TwitLocate;
			productReference = BBEA653F1A98864D00BA7097 /* TwitLocate.app */;
			productType = "com.apple.product-type.application";
		};
		BBEA65571A98864D00BA7097 /* TwitLocateTests */ = {
			isa = PBXNativeTarget;
			buildConfigurationList = BBEA65651A98864D00BA7097 /* Build configuration list for PBXNativeTarget "TwitLocateTests" */;
			buildPhases = (
				BBEA65541A98864D00BA7097 /* Sources */,
				BBEA65551A98864D00BA7097 /* Frameworks */,
				BBEA65561A98864D00BA7097 /* Resources */,
			);
			buildRules = (
			);
			dependencies = (
				BBEA655A1A98864D00BA7097 /* PBXTargetDependency */,
			);
			name = TwitLocateTests;
			productName = TwitLocateTests;
			productReference = BBEA65581A98864D00BA7097 /* TwitLocateTests.xctest */;
			productType = "com.apple.product-type.bundle.unit-test";
		};
/* End PBXNativeTarget section */

/* Begin PBXProject section */
		BBEA65371A98864D00BA7097 /* Project object */ = {
			isa = PBXProject;
			attributes = {
				LastUpgradeCheck = 0610;
				ORGANIZATIONNAME = "Guven Bolukbasi";
				TargetAttributes = {
					BBEA653E1A98864D00BA7097 = {
						CreatedOnToolsVersion = 6.1.1;
					};
					BBEA65571A98864D00BA7097 = {
						CreatedOnToolsVersion = 6.1.1;
						TestTargetID = BBEA653E1A98864D00BA7097;
					};
				};
			};
			buildConfigurationList = BBEA653A1A98864D00BA7097 /* Build configuration list for PBXProject "TwitLocate" */;
			compatibilityVersion = "Xcode 3.2";
			developmentRegion = English;
			hasScannedForEncodings = 0;
			knownRegions = (
				en,
				Base,
			);
			mainGroup = BBEA65361A98864D00BA7097;
			productRefGroup = BBEA65401A98864D00BA7097 /* Products */;
			projectDirPath = "";
			projectRoot = "";
			targets = (
				BBEA653E1A98864D00BA7097 /* TwitLocate */,
				BBEA65571A98864D00BA7097 /* TwitLocateTests */,
			);
		};
/* End PBXProject section */

/* Begin PBXResourcesBuildPhase section */
		BBEA653D1A98864D00BA7097 /* Resources */ = {
			isa = PBXResourcesBuildPhase;
			buildActionMask = 2147483647;
			files = (
				BBEA654E1A98864D00BA7097 /* Main.storyboard in Resources */,
				BBEA65531A98864D00BA7097 /* LaunchScreen.xib in Resources */,
				BBEA65501A98864D00BA7097 /* Images.xcassets in Resources */,
			);
			runOnlyForDeploymentPostprocessing = 0;
		};
		BBEA65561A98864D00BA7097 /* Resources */ = {
			isa = PBXResourcesBuildPhase;
			buildActionMask = 2147483647;
			files = (
			);
			runOnlyForDeploymentPostprocessing = 0;
		};
/* End PBXResourcesBuildPhase section */

/* Begin PBXSourcesBuildPhase section */
		BBEA653B1A98864D00BA7097 /* Sources */ = {
			isa = PBXSourcesBuildPhase;
			buildActionMask = 2147483647;
			files = (
				BBEA654B1A98864D00BA7097 /* TweetViewController.m in Sources */,
				BB37E0711A9F8E780059CFEC /* UserViewController.m in Sources */,
				BB37E05F1A9D15F30059CFEC /* RadiusSelectorViewController.m in Sources */,
				BBEA65481A98864D00BA7097 /* AppDelegate.m in Sources */,
				BBEA65451A98864D00BA7097 /* main.m in Sources */,
			);
			runOnlyForDeploymentPostprocessing = 0;
		};
		BBEA65541A98864D00BA7097 /* Sources */ = {
			isa = PBXSourcesBuildPhase;
			buildActionMask = 2147483647;
			files = (
				BBEA655F1A98864D00BA7097 /* TwitLocateTests.m in Sources */,
			);
			runOnlyForDeploymentPostprocessing = 0;
		};
/* End PBXSourcesBuildPhase section */

/* Begin PBXTargetDependency section */
		BBEA655A1A98864D00BA7097 /* PBXTargetDependency */ = {
			isa = PBXTargetDependency;
			target = BBEA653E1A98864D00BA7097 /* TwitLocate */;
			targetProxy = BBEA65591A98864D00BA7097 /* PBXContainerItemProxy */;
		};
/* End PBXTargetDependency section */

/* Begin PBXVariantGroup section */
		BBEA654C1A98864D00BA7097 /* Main.storyboard */ = {
			isa = PBXVariantGroup;
			children = (
				BBEA654D1A98864D00BA7097 /* Base */,
			);
			name = Main.storyboard;
			sourceTree = "<group>";
		};
		BBEA65511A98864D00BA7097 /* LaunchScreen.xib */ = {
			isa = PBXVariantGroup;
			children = (
				BBEA65521A98864D00BA7097 /* Base */,
			);
			name = LaunchScreen.xib;
			sourceTree = "<group>";
		};
/* End PBXVariantGroup section */

/* Begin XCBuildConfiguration section */
		BBEA65601A98864D00BA7097 /* Debug */ = {
			isa = XCBuildConfiguration;
			buildSettings = {
				ALWAYS_SEARCH_USER_PATHS = NO;
				CLANG_CXX_LANGUAGE_STANDARD = "gnu++0x";
				CLANG_CXX_LIBRARY = "libc++";
				CLANG_ENABLE_MODULES = YES;
				CLANG_ENABLE_OBJC_ARC = YES;
				CLANG_WARN_BOOL_CONVERSION = YES;
				CLANG_WARN_CONSTANT_CONVERSION = YES;
				CLANG_WARN_DIRECT_OBJC_ISA_USAGE = YES_ERROR;
				CLANG_WARN_EMPTY_BODY = YES;
				CLANG_WARN_ENUM_CONVERSION = YES;
				CLANG_WARN_INT_CONVERSION = YES;
				CLANG_WARN_OBJC_ROOT_CLASS = YES_ERROR;
				CLANG_WARN_UNREACHABLE_CODE = YES;
				CLANG_WARN__DUPLICATE_METHOD_MATCH = YES;
				"CODE_SIGN_IDENTITY[sdk=iphoneos*]" = "iPhone Developer";
				COPY_PHASE_STRIP = NO;
				ENABLE_STRICT_OBJC_MSGSEND = YES;
				GCC_C_LANGUAGE_STANDARD = gnu99;
				GCC_DYNAMIC_NO_PIC = NO;
				GCC_OPTIMIZATION_LEVEL = 0;
				GCC_PREPROCESSOR_DEFINITIONS = (
					"DEBUG=1",
					"$(inherited)",
				);
				GCC_SYMBOLS_PRIVATE_EXTERN = NO;
				GCC_WARN_64_TO_32_BIT_CONVERSION = YES;
				GCC_WARN_ABOUT_RETURN_TYPE = YES_ERROR;
				GCC_WARN_UNDECLARED_SELECTOR = YES;
				GCC_WARN_UNINITIALIZED_AUTOS = YES_AGGRESSIVE;
				GCC_WARN_UNUSED_FUNCTION = YES;
				GCC_WARN_UNUSED_VARIABLE = YES;
				IPHONEOS_DEPLOYMENT_TARGET = 8.1;
				MTL_ENABLE_DEBUG_INFO = YES;
				ONLY_ACTIVE_ARCH = YES;
				SDKROOT = iphoneos;
				TARGETED_DEVICE_FAMILY = "1,2";
			};
			name = Debug;
		};
		BBEA65611A98864D00BA7097 /* Release */ = {
			isa = XCBuildConfiguration;
			buildSettings = {
				ALWAYS_SEARCH_USER_PATHS = NO;
				CLANG_CXX_LANGUAGE_STANDARD = "gnu++0x";
				CLANG_CXX_LIBRARY = "libc++";
				CLANG_ENABLE_MODULES = YES;
				CLANG_ENABLE_OBJC_ARC = YES;
				CLANG_WARN_BOOL_CONVERSION = YES;
				CLANG_WARN_CONSTANT_CONVERSION = YES;
				CLANG_WARN_DIRECT_OBJC_ISA_USAGE = YES_ERROR;
				CLANG_WARN_EMPTY_BODY = YES;
				CLANG_WARN_ENUM_CONVERSION = YES;
				CLANG_WARN_INT_CONVERSION = YES;
				CLANG_WARN_OBJC_ROOT_CLASS = YES_ERROR;
				CLANG_WARN_UNREACHABLE_CODE = YES;
				CLANG_WARN__DUPLICATE_METHOD_MATCH = YES;
				"CODE_SIGN_IDENTITY[sdk=iphoneos*]" = "iPhone Developer";
				COPY_PHASE_STRIP = YES;
				ENABLE_NS_ASSERTIONS = NO;
				ENABLE_STRICT_OBJC_MSGSEND = YES;
				GCC_C_LANGUAGE_STANDARD = gnu99;
				GCC_WARN_64_TO_32_BIT_CONVERSION = YES;
				GCC_WARN_ABOUT_RETURN_TYPE = YES_ERROR;
				GCC_WARN_UNDECLARED_SELECTOR = YES;
				GCC_WARN_UNINITIALIZED_AUTOS = YES_AGGRESSIVE;
				GCC_WARN_UNUSED_FUNCTION = YES;
				GCC_WARN_UNUSED_VARIABLE = YES;
				IPHONEOS_DEPLOYMENT_TARGET = 8.1;
				MTL_ENABLE_DEBUG_INFO = NO;
				SDKROOT = iphoneos;
				TARGETED_DEVICE_FAMILY = "1,2";
				VALIDATE_PRODUCT = YES;
			};
			name = Release;
		};
		BBEA65631A98864D00BA7097 /* Debug */ = {
			isa = XCBuildConfiguration;
			buildSettings = {
				ASSETCATALOG_COMPILER_APPICON_NAME = AppIcon;
				INFOPLIST_FILE = TwitLocate/Info.plist;
				LD_RUNPATH_SEARCH_PATHS = "$(inherited) @executable_path/Frameworks";
				PRODUCT_NAME = "$(TARGET_NAME)";
			};
			name = Debug;
		};
		BBEA65641A98864D00BA7097 /* Release */ = {
			isa = XCBuildConfiguration;
			buildSettings = {
				ASSETCATALOG_COMPILER_APPICON_NAME = AppIcon;
				INFOPLIST_FILE = TwitLocate/Info.plist;
				LD_RUNPATH_SEARCH_PATHS = "$(inherited) @executable_path/Frameworks";
				PRODUCT_NAME = "$(TARGET_NAME)";
			};
			name = Release;
		};
		BBEA65661A98864D00BA7097 /* Debug */ = {
			isa = XCBuildConfiguration;
			buildSettings = {
				BUNDLE_LOADER = "$(TEST_HOST)";
				FRAMEWORK_SEARCH_PATHS = (
					"$(SDKROOT)/Developer/Library/Frameworks",
					"$(inherited)",
				);
				GCC_PREPROCESSOR_DEFINITIONS = (
					"DEBUG=1",
					"$(inherited)",
				);
				INFOPLIST_FILE = TwitLocateTests/Info.plist;
				LD_RUNPATH_SEARCH_PATHS = "$(inherited) @executable_path/Frameworks @loader_path/Frameworks";
				PRODUCT_NAME = "$(TARGET_NAME)";
				TEST_HOST = "$(BUILT_PRODUCTS_DIR)/TwitLocate.app/TwitLocate";
			};
			name = Debug;
		};
		BBEA65671A98864D00BA7097 /* Release */ = {
			isa = XCBuildConfiguration;
			buildSettings = {
				BUNDLE_LOADER = "$(TEST_HOST)";
				FRAMEWORK_SEARCH_PATHS = (
					"$(SDKROOT)/Developer/Library/Frameworks",
					"$(inherited)",
				);
				INFOPLIST_FILE = TwitLocateTests/Info.plist;
				LD_RUNPATH_SEARCH_PATHS = "$(inherited) @executable_path/Frameworks @loader_path/Frameworks";
				PRODUCT_NAME = "$(TARGET_NAME)";
				TEST_HOST = "$(BUILT_PRODUCTS_DIR)/TwitLocate.app/TwitLocate";
			};
			name = Release;
		};
/* End XCBuildConfiguration section */

/* Begin XCConfigurationList section */
		BBEA653A1A98864D00BA7097 /* Build configuration list for PBXProject "TwitLocate" */ = {
			isa = XCConfigurationList;
			buildConfigurations = (
				BBEA65601A98864D00BA7097 /* Debug */,
				BBEA65611A98864D00BA7097 /* Release */,
			);
			defaultConfigurationIsVisible = 0;
			defaultConfigurationName = Release;
		};
		BBEA65621A98864D00BA7097 /* Build configuration list for PBXNativeTarget "TwitLocate" */ = {
			isa = XCConfigurationList;
			buildConfigurations = (
				BBEA65631A98864D00BA7097 /* Debug */,
				BBEA65641A98864D00BA7097 /* Release */,
			);
			defaultConfigurationIsVisible = 0;
			defaultConfigurationName = Release;
		};
		BBEA65651A98864D00BA7097 /* Build configuration list for PBXNativeTarget "TwitLocateTests" */ = {
			isa = XCConfigurationList;
			buildConfigurations = (
				BBEA65661A98864D00BA7097 /* Debug */,
				BBEA65671A98864D00BA7097 /* Release */,
			);
			defaultConfigurationIsVisible = 0;
			defaultConfigurationName = Release;
		};
/* End XCConfigurationList section */
	};
	rootObject = BBEA65371A98864D00BA7097 /* Project object */;
}
